github.com/pierrre/assert v0.3.4 h1:B1FeEcwP2G2ODj0ystKR3cDc7XHNH9wIGeO3Ac8x+Xw=
github.com/pierrre/assert v0.3.4/go.mod h1:qddU5sJogGRlIzG1ByQUpqHoAsekyCbY62LvUg2LvOM=
github.com/pierrre/compare v1.4.5 h1:Mh355TQgXeU/qmTX2ixw0drPphSr2INUdxX6SVoiOmw=
github.com/pierrre/compare v1.4.5/go.mod h1:Ca2SaOLQvaDl533H3Ga8RyHk5RTwDatK5nrMkQ9v7Tc=
github.com/pierrre/errors v0.7.1 h1:WY7SE2c1wvHU4ZvGoA+NLDrWmB+tCygAI+OoKP+z0QE=
github.com/pierrre/errors v0.7.1/go.mod h1:cMi21tHFnRbZ1kwAhP1U31ihhElG24dp8CdTMRjdZtU=
github.com/pierrre/go-libs v0.4.1 h1:LJZZNBokyCMvPlCrnXFvSBSLeQBwMVQg7uDkD6U0WHw=
github.com/pierrre/go-libs v0.4.1/go.mod h1:datu9k1xvC2r5ZJpT+rQmHQdSjR+OTwuAUM/RiV0EHE=
github.com/pierrre/pretty v0.0.14 h1:MchNs3JDFS4LtPWVtt5hC/SZikDpFdg+ZqkRp9ZFvy0=
github.com/pierrre/pretty v0.0.14/go.mod h1:l1eKofTLCVI7lixF2tyA+WewC4lKZB3YviUoe4+S17g=
github.com/pkg/browser v0.0.0-20210911075715-681adbf594b8 h1:KoWmjvw+nsYOo29YJK9vDA65RGE3NrOnUtO7a+RF9HU=
github.com/pkg/browser v0.0.0-20210911075715-681adbf594b8/go.mod h1:HKlIX3XHQyzLZPlr7++PzdhaXEj94dEiJgZDTsxEqUI=
golang.org/x/sys v0.0.0-20210616045830-e2b7044e8c71/go.mod h1:oPkhp1MJrh7nUepCBck5+mAzfO9JrbApNNgaTdGDITg=
golang.org/x/sys v0.21.0 h1:rF+pYz3DAGSQAxAu1CbC7catZg4ebC4UIeIhKxBZvws=
golang.org/x/sys v0.21.0/go.mod h1:/VUhepiaJMQUp4+oa/7Zr1D23ma6VTLIYjOOTFZPUcA=
