github.com/pierrre/assert v0.15.7 h1:J92wLE3ZgSIqc0s8I0OwlyXW52jDhC6XMIpfY8GKQSE=
github.com/pierrre/assert v0.15.7/go.mod h1:FKfeSDTCIYnJ9KDgo6m5JFTEvzn4lDi3wvP585PJwqo=
github.com/pierrre/compare v1.5.1 h1:O0QZDWJ3X3qkpIHoAQZkrrX4FX1bFG7sPnI79LsKIT4=
github.com/pierrre/compare v1.5.1/go.mod h1:6x5Gb1bRErZmiMJk5i1uYieGAfGlgHDApnKV5E0PnFc=
github.com/pierrre/errors v0.18.1 h1:3C7WmcDSneB4wQTSt/imdKpC1mBapmBVTAQPoCSDtxQ=
github.com/pierrre/errors v0.18.1/go.mod h1:fXWfpVjSvLQJwZMLLQi8qyXW0ww3EcjbKZZSoOzwelE=
github.com/pierrre/go-libs v0.34.10 h1:Rjoxy8ycX+KYsYhdIr7AVkpVArff+UeYCpuFbhEWyOk=
github.com/pierrre/go-libs v0.34.10/go.mod h1:Pzynark7W5pRgWs4OW19cv12j92WsO1LXsGvFYxmL50=
github.com/pierrre/pretty v0.26.8 h1:gdiu+QXNJ7rsvxL241me9daFtkJAzMbk8Fc+1KIWhug=
github.com/pierrre/pretty v0.26.8/go.mod h1:HOPWCPrHoNZsG95/egRGCFYyG54PTUB+i6YfY21zy0U=
github.com/pkg/browser v0.0.0-20240102092130-5ac0b6a4141c h1:+mdjkGKdHQG3305AYmdv1U2eRNDiU2ErMBj1gwrq8eQ=
github.com/pkg/browser v0.0.0-20240102092130-5ac0b6a4141c/go.mod h1:7rwL4CYBLnjLxUqIJNnCWiEdr3bn6IUYi15bNlnbCCU=
golang.org/x/sys v0.1.0/go.mod h1:oPkhp1MJrh7nUepCBck5+mAzfO9JrbApNNgaTdGDITg=
golang.org/x/sys v0.47.0 h1:o7XGOvZQCADBQQ4Y7VNq2dRWQR7JmOUW8Kxx4ZsNgWs=
golang.org/x/sys v0.47.0/go.mod h1:4GL1E5IUh+htKOUEOaiffhrAeqysfVGipDYzABqnCmw=
